
Microsoft Visual Studio Solution File, Format Version 12.00
# Visual Studio Version 16
VisualStudioVersion = 16.0.808.3
MinimumVisualStudioVersion = 10.0.40219.1
Project("{FAE04EC0-301F-11D3-BF4B-00C04F79EFBC}") = "P01_StudentSystem", "P01_StudentSystem\P01_StudentSystem.csproj", "{EE68225B-199E-4E51-9FA6-1F0547DA9EBF}"
EndProject
Global
	GlobalSection(SolutionConfigurationPlatforms) = preSolution
		Debug|Any CPU = Debug|Any CPU
		Release|Any CPU = Release|Any CPU
	EndGlobalSection
	GlobalSection(ProjectConfigurationPlatforms) = postSolution
		{EE68225B-199E-4E51-9FA6-1F0547DA9EBF}.Debug|Any CPU.ActiveCfg = Debug|Any CPU
		{EE68225B-199E-4E51-9FA6-1F0547DA9EBF}.Debug|Any CPU.Build.0 = Debug|Any CPU
		{EE68225B-199E-4E51-9FA6-1F0547DA9EBF}.Release|Any CPU.ActiveCfg = Release|Any CPU
		{EE68225B-199E-4E51-9FA6-1F0547DA9EBF}.Release|Any CPU.Build.0 = Release|Any CPU
	EndGlobalSection
	GlobalSection(SolutionProperties) = preSolution
		HideSolutionNode = FALSE
	EndGlobalSection
	GlobalSection(ExtensibilityGlobals) = postSolution
		SolutionGuid = {A6784CD0-88BE-48EB-A104-7018720D131C}
	EndGlobalSection
EndGlobal
