
Microsoft Visual Studio Solution File, Format Version 12.00
# Visual Studio Version 16
VisualStudioVersion = 16.0.808.3
MinimumVisualStudioVersion = 10.0.40219.1
Project("{FAE04EC0-301F-11D3-BF4B-00C04F79EFBC}") = "Demo", "Demo.csproj", "{41B8EEC5-D950-4D53-8BF1-9F3A399E3EDE}"
EndProject
Global
	GlobalSection(SolutionConfigurationPlatforms) = preSolution
		Debug|Any CPU = Debug|Any CPU
		Release|Any CPU = Release|Any CPU
	EndGlobalSection
	GlobalSection(ProjectConfigurationPlatforms) = postSolution
		{41B8EEC5-D950-4D53-8BF1-9F3A399E3EDE}.Debug|Any CPU.ActiveCfg = Debug|Any CPU
		{41B8EEC5-D950-4D53-8BF1-9F3A399E3EDE}.Debug|Any CPU.Build.0 = Debug|Any CPU
		{41B8EEC5-D950-4D53-8BF1-9F3A399E3EDE}.Release|Any CPU.ActiveCfg = Release|Any CPU
		{41B8EEC5-D950-4D53-8BF1-9F3A399E3EDE}.Release|Any CPU.Build.0 = Release|Any CPU
	EndGlobalSection
	GlobalSection(SolutionProperties) = preSolution
		HideSolutionNode = FALSE
	EndGlobalSection
	GlobalSection(ExtensibilityGlobals) = postSolution
		SolutionGuid = {C6B16E58-EE45-4E02-A5C0-54A88F37305C}
	EndGlobalSection
EndGlobal
